// !$*UTF8*$!
{
	archiveVersion = 1;
	classes = {
	};
	objectVersion = 50;
	objects = {

/* Begin PBXBuildFile section */
		AFE9E5C22448E7AF00EA1963 /* AppDelegate.swift in Sources */ = {isa = PBXBuildFile; fileRef = AFE9E5C12448E7AF00EA1963 /* AppDelegate.swift */; };
		AFE9E5C42448E7AF00EA1963 /* SceneDelegate.swift in Sources */ = {isa = PBXBuildFile; fileRef = AFE9E5C32448E7AF00EA1963 /* SceneDelegate.swift */; };
		AFE9E5C62448E7AF00EA1963 /* ViewController.swift in Sources */ = {isa = PBXBuildFile; fileRef = AFE9E5C52448E7AF00EA1963 /* ViewController.swift */; };
		AFE9E5C92448E7AF00EA1963 /* Main.storyboard in Resources */ = {isa = PBXBuildFile; fileRef = AFE9E5C72448E7AF00EA1963 /* Main.storyboard */; };
		AFE9E5CB2448E7B200EA1963 /* Assets.xcassets in Resources */ = {isa = PBXBuildFile; fileRef = AFE9E5CA2448E7B200EA1963 /* Assets.xcassets */; };
		AFE9E5CE2448E7B200EA1963 /* LaunchScreen.storyboard in Resources */ = {isa = PBXBuildFile; fileRef = AFE9E5CC2448E7B200EA1963 /* LaunchScreen.storyboard */; };
		AFFC849F244F5193007A5894 /* DailyForecastTableViewCell.swift in Sources */ = {isa = PBXBuildFile; fileRef = AFFC849E244F5193007A5894 /* DailyForecastTableViewCell.swift */; };
		AFFC84A1244F51B5007A5894 /* ForecastTableViewController.swift in Sources */ = {isa = PBXBuildFile; fileRef = AFFC84A0244F51B5007A5894 /* ForecastTableViewController.swift */; };
/* End PBXBuildFile section */

/* Begin PBXFileReference section */
		AFD070D22448F9EB006680D2 /* en */ = {isa = PBXFileReference; lastKnownFileType = text.plist.strings; name = en; path = en.lproj/Main.strings; sourceTree = "<group>"; };
		AFE9E5BE2448E7AF00EA1963 /* Weather Caster.app */ = {isa = PBXFileReference; explicitFileType = wrapper.application; includeInIndex = 0; path = "Weather Caster.app"; sourceTree = BUILT_PRODUCTS_DIR; };
		AFE9E5C12448E7AF00EA1963 /* AppDelegate.swift */ = {isa = PBXFileReference; lastKnownFileType = sourcecode.swift; path = AppDelegate.swift; sourceTree = "<group>"; };
		AFE9E5C32448E7AF00EA1963 /* SceneDelegate.swift */ = {isa = PBXFileReference; lastKnownFileType = sourcecode.swift; path = SceneDelegate.swift; sourceTree = "<group>"; };
		AFE9E5C52448E7AF00EA1963 /* ViewController.swift */ = {isa = PBXFileReference; lastKnownFileType = sourcecode.swift; path = ViewController.swift; sourceTree = "<group>"; };
		AFE9E5C82448E7AF00EA1963 /* Base */ = {isa = PBXFileReference; lastKnownFileType = file.storyboard; name = Base; path = Base.lproj/Main.storyboard; sourceTree = "<group>"; };
		AFE9E5CA2448E7B200EA1963 /* Assets.xcassets */ = {isa = PBXFileReference; lastKnownFileType = folder.assetcatalog; path = Assets.xcassets; sourceTree = "<group>"; };
		AFE9E5CD2448E7B200EA1963 /* Base */ = {isa = PBXFileReference; lastKnownFileType = file.storyboard; name = Base; path = Base.lproj/LaunchScreen.storyboard; sourceTree = "<group>"; };
		AFE9E5CF2448E7B200EA1963 /* Info.plist */ = {isa = PBXFileReference; lastKnownFileType = text.plist.xml; path = Info.plist; sourceTree = "<group>"; };
		AFFC849E244F5193007A5894 /* DailyForecastTableViewCell.swift */ = {isa = PBXFileReference; lastKnownFileType = sourcecode.swift; path = DailyForecastTableViewCell.swift; sourceTree = "<group>"; };
		AFFC84A0244F51B5007A5894 /* ForecastTableViewController.swift */ = {isa = PBXFileReference; lastKnownFileType = sourcecode.swift; path = ForecastTableViewController.swift; sourceTree = "<group>"; };
/* End PBXFileReference section */

/* Begin PBXFrameworksBuildPhase section */
		AFE9E5BB2448E7AF00EA1963 /* Frameworks */ = {
			isa = PBXFrameworksBuildPhase;
			buildActionMask = 2147483647;
			files = (
			);
			runOnlyForDeploymentPostprocessing = 0;
		};
/* End PBXFrameworksBuildPhase section */

/* Begin PBXGroup section */
		AFE9E5B52448E7AF00EA1963 = {
			isa = PBXGroup;
			children = (
				AFE9E5C02448E7AF00EA1963 /* Weather Caster */,
				AFE9E5BF2448E7AF00EA1963 /* Products */,
			);
			sourceTree = "<group>";
		};
		AFE9E5BF2448E7AF00EA1963 /* Products */ = {
			isa = PBXGroup;
			children = (
				AFE9E5BE2448E7AF00EA1963 /* Weather Caster.app */,
			);
			name = Products;
			sourceTree = "<group>";
		};
		AFE9E5C02448E7AF00EA1963 /* Weather Caster */ = {
			isa = PBXGroup;
			children = (
				AFE9E5D62448EEA400EA1963 /* Views */,
				AFE9E5D52448EE8200EA1963 /* ViewControllers */,
				AFE9E5C12448E7AF00EA1963 /* AppDelegate.swift */,
				AFE9E5C72448E7AF00EA1963 /* Main.storyboard */,
				AFE9E5C32448E7AF00EA1963 /* SceneDelegate.swift */,
				AFE9E5C52448E7AF00EA1963 /* ViewController.swift */,
				AFE9E5CA2448E7B200EA1963 /* Assets.xcassets */,
				AFE9E5CC2448E7B200EA1963 /* LaunchScreen.storyboard */,
				AFE9E5CF2448E7B200EA1963 /* Info.plist */,
			);
			path = "Weather Caster";
			sourceTree = "<group>";
		};
		AFE9E5D52448EE8200EA1963 /* ViewControllers */ = {
			isa = PBXGroup;
			children = (
				AFFC84A0244F51B5007A5894 /* ForecastTableViewController.swift */,
			);
			path = ViewControllers;
			sourceTree = "<group>";
		};
		AFE9E5D62448EEA400EA1963 /* Views */ = {
			isa = PBXGroup;
			children = (
				AFFC849E244F5193007A5894 /* DailyForecastTableViewCell.swift */,
			);
			path = Views;
			sourceTree = "<group>";
		};
/* End PBXGroup section */

/* Begin PBXNativeTarget section */
		AFE9E5BD2448E7AF00EA1963 /* Weather Caster */ = {
			isa = PBXNativeTarget;
			buildConfigurationList = AFE9E5D22448E7B200EA1963 /* Build configuration list for PBXNativeTarget "Weather Caster" */;
			buildPhases = (
				AFE9E5BA2448E7AF00EA1963 /* Sources */,
				AFE9E5BB2448E7AF00EA1963 /* Frameworks */,
				AFE9E5BC2448E7AF00EA1963 /* Resources */,
			);
			buildRules = (
			);
			dependencies = (
			);
			name = "Weather Caster";
			productName = "Weather Caster";
			productReference = AFE9E5BE2448E7AF00EA1963 /* Weather Caster.app */;
			productType = "com.apple.product-type.application";
		};
/* End PBXNativeTarget section */

/* Begin PBXProject section */
		AFE9E5B62448E7AF00EA1963 /* Project object */ = {
			isa = PBXProject;
			attributes = {
				LastSwiftUpdateCheck = 1130;
				LastUpgradeCheck = 1130;
				ORGANIZATIONNAME = "Andrew Coon";
				TargetAttributes = {
					AFE9E5BD2448E7AF00EA1963 = {
						CreatedOnToolsVersion = 11.3.1;
					};
				};
			};
			buildConfigurationList = AFE9E5B92448E7AF00EA1963 /* Build configuration list for PBXProject "Weather Caster" */;
			compatibilityVersion = "Xcode 9.3";
			developmentRegion = en;
			hasScannedForEncodings = 0;
			knownRegions = (
				en,
				Base,
			);
			mainGroup = AFE9E5B52448E7AF00EA1963;
			productRefGroup = AFE9E5BF2448E7AF00EA1963 /* Products */;
			projectDirPath = "";
			projectRoot = "";
			targets = (
				AFE9E5BD2448E7AF00EA1963 /* Weather Caster */,
			);
		};
/* End PBXProject section */

/* Begin PBXResourcesBuildPhase section */
		AFE9E5BC2448E7AF00EA1963 /* Resources */ = {
			isa = PBXResourcesBuildPhase;
			buildActionMask = 2147483647;
			files = (
				AFE9E5CE2448E7B200EA1963 /* LaunchScreen.storyboard in Resources */,
				AFE9E5CB2448E7B200EA1963 /* Assets.xcassets in Resources */,
				AFE9E5C92448E7AF00EA1963 /* Main.storyboard in Resources */,
			);
			runOnlyForDeploymentPostprocessing = 0;
		};
/* End PBXResourcesBuildPhase section */

/* Begin PBXSourcesBuildPhase section */
		AFE9E5BA2448E7AF00EA1963 /* Sources */ = {
			isa = PBXSourcesBuildPhase;
			buildActionMask = 2147483647;
			files = (
				AFFC849F244F5193007A5894 /* DailyForecastTableViewCell.swift in Sources */,
				AFE9E5C62448E7AF00EA1963 /* ViewController.swift in Sources */,
				AFE9E5C22448E7AF00EA1963 /* AppDelegate.swift in Sources */,
				AFE9E5C42448E7AF00EA1963 /* SceneDelegate.swift in Sources */,
				AFFC84A1244F51B5007A5894 /* ForecastTableViewController.swift in Sources */,
			);
			runOnlyForDeploymentPostprocessing = 0;
		};
/* End PBXSourcesBuildPhase section */

/* Begin PBXVariantGroup section */
		AFE9E5C72448E7AF00EA1963 /* Main.storyboard */ = {
			isa = PBXVariantGroup;
			children = (
				AFE9E5C82448E7AF00EA1963 /* Base */,
				AFD070D22448F9EB006680D2 /* en */,
			);
			name = Main.storyboard;
			sourceTree = "<group>";
		};
		AFE9E5CC2448E7B200EA1963 /* LaunchScreen.storyboard */ = {
			isa = PBXVariantGroup;
			children = (
				AFE9E5CD2448E7B200EA1963 /* Base */,
			);
			name = LaunchScreen.storyboard;
			sourceTree = "<group>";
		};
/* End PBXVariantGroup section */

/* Begin XCBuildConfiguration section */
		AFE9E5D02448E7B200EA1963 /* Debug */ = {
			isa = XCBuildConfiguration;
			buildSettings = {
				ALWAYS_SEARCH_USER_PATHS = NO;
				CLANG_ANALYZER_NONNULL = YES;
				CLANG_ANALYZER_NUMBER_OBJECT_CONVERSION = YES_AGGRESSIVE;
				CLANG_CXX_LANGUAGE_STANDARD = "gnu++14";
				CLANG_CXX_LIBRARY = "libc++";
				CLANG_ENABLE_MODULES = YES;
				CLANG_ENABLE_OBJC_ARC = YES;
				CLANG_ENABLE_OBJC_WEAK = YES;
				CLANG_WARN_BLOCK_CAPTURE_AUTORELEASING = YES;
				CLANG_WARN_BOOL_CONVERSION = YES;
				CLANG_WARN_COMMA = YES;
				CLANG_WARN_CONSTANT_CONVERSION = YES;
				CLANG_WARN_DEPRECATED_OBJC_IMPLEMENTATIONS = YES;
				CLANG_WARN_DIRECT_OBJC_ISA_USAGE = YES_ERROR;
				CLANG_WARN_DOCUMENTATION_COMMENTS = YES;
				CLANG_WARN_EMPTY_BODY = YES;
				CLANG_WARN_ENUM_CONVERSION = YES;
				CLANG_WARN_INFINITE_RECURSION = YES;
				CLANG_WARN_INT_CONVERSION = YES;
				CLANG_WARN_NON_LITERAL_NULL_CONVERSION = YES;
				CLANG_WARN_OBJC_IMPLICIT_RETAIN_SELF = YES;
				CLANG_WARN_OBJC_LITERAL_CONVERSION = YES;
				CLANG_WARN_OBJC_ROOT_CLASS = YES_ERROR;
				CLANG_WARN_RANGE_LOOP_ANALYSIS = YES;
				CLANG_WARN_STRICT_PROTOTYPES = YES;
				CLANG_WARN_SUSPICIOUS_MOVE = YES;
				CLANG_WARN_UNGUARDED_AVAILABILITY = YES_AGGRESSIVE;
				CLANG_WARN_UNREACHABLE_CODE = YES;
				CLANG_WARN__DUPLICATE_METHOD_MATCH = YES;
				COPY_PHASE_STRIP = NO;
				DEBUG_INFORMATION_FORMAT = dwarf;
				ENABLE_STRICT_OBJC_MSGSEND = YES;
				ENABLE_TESTABILITY = YES;
				GCC_C_LANGUAGE_STANDARD = gnu11;
				GCC_DYNAMIC_NO_PIC = NO;
				GCC_NO_COMMON_BLOCKS = YES;
				GCC_OPTIMIZATION_LEVEL = 0;
				GCC_PREPROCESSOR_DEFINITIONS = (
					"DEBUG=1",
					"$(inherited)",
				);
				GCC_WARN_64_TO_32_BIT_CONVERSION = YES;
				GCC_WARN_ABOUT_RETURN_TYPE = YES_ERROR;
				GCC_WARN_UNDECLARED_SELECTOR = YES;
				GCC_WARN_UNINITIALIZED_AUTOS = YES_AGGRESSIVE;
				GCC_WARN_UNUSED_FUNCTION = YES;
				GCC_WARN_UNUSED_VARIABLE = YES;
				IPHONEOS_DEPLOYMENT_TARGET = 13.2;
				MTL_ENABLE_DEBUG_INFO = INCLUDE_SOURCE;
				MTL_FAST_MATH = YES;
				ONLY_ACTIVE_ARCH = YES;
				SDKROOT = iphoneos;
				SWIFT_ACTIVE_COMPILATION_CONDITIONS = DEBUG;
				SWIFT_OPTIMIZATION_LEVEL = "-Onone";
			};
			name = Debug;
		};
		AFE9E5D12448E7B200EA1963 /* Release */ = {
			isa = XCBuildConfiguration;
			buildSettings = {
				ALWAYS_SEARCH_USER_PATHS = NO;
				CLANG_ANALYZER_NONNULL = YES;
				CLANG_ANALYZER_NUMBER_OBJECT_CONVERSION = YES_AGGRESSIVE;
				CLANG_CXX_LANGUAGE_STANDARD = "gnu++14";
				CLANG_CXX_LIBRARY = "libc++";
				CLANG_ENABLE_MODULES = YES;
				CLANG_ENABLE_OBJC_ARC = YES;
				CLANG_ENABLE_OBJC_WEAK = YES;
				CLANG_WARN_BLOCK_CAPTURE_AUTORELEASING = YES;
				CLANG_WARN_BOOL_CONVERSION = YES;
				CLANG_WARN_COMMA = YES;
				CLANG_WARN_CONSTANT_CONVERSION = YES;
				CLANG_WARN_DEPRECATED_OBJC_IMPLEMENTATIONS = YES;
				CLANG_WARN_DIRECT_OBJC_ISA_USAGE = YES_ERROR;
				CLANG_WARN_DOCUMENTATION_COMMENTS = YES;
				CLANG_WARN_EMPTY_BODY = YES;
				CLANG_WARN_ENUM_CONVERSION = YES;
				CLANG_WARN_INFINITE_RECURSION = YES;
				CLANG_WARN_INT_CONVERSION = YES;
				CLANG_WARN_NON_LITERAL_NULL_CONVERSION = YES;
				CLANG_WARN_OBJC_IMPLICIT_RETAIN_SELF = YES;
				CLANG_WARN_OBJC_LITERAL_CONVERSION = YES;
				CLANG_WARN_OBJC_ROOT_CLASS = YES_ERROR;
				CLANG_WARN_RANGE_LOOP_ANALYSIS = YES;
				CLANG_WARN_STRICT_PROTOTYPES = YES;
				CLANG_WARN_SUSPICIOUS_MOVE = YES;
				CLANG_WARN_UNGUARDED_AVAILABILITY = YES_AGGRESSIVE;
				CLANG_WARN_UNREACHABLE_CODE = YES;
				CLANG_WARN__DUPLICATE_METHOD_MATCH = YES;
				COPY_PHASE_STRIP = NO;
				DEBUG_INFORMATION_FORMAT = "dwarf-with-dsym";
				ENABLE_NS_ASSERTIONS = NO;
				ENABLE_STRICT_OBJC_MSGSEND = YES;
				GCC_C_LANGUAGE_STANDARD = gnu11;
				GCC_NO_COMMON_BLOCKS = YES;
				GCC_WARN_64_TO_32_BIT_CONVERSION = YES;
				GCC_WARN_ABOUT_RETURN_TYPE = YES_ERROR;
				GCC_WARN_UNDECLARED_SELECTOR = YES;
				GCC_WARN_UNINITIALIZED_AUTOS = YES_AGGRESSIVE;
				GCC_WARN_UNUSED_FUNCTION = YES;
				GCC_WARN_UNUSED_VARIABLE = YES;
				IPHONEOS_DEPLOYMENT_TARGET = 13.2;
				MTL_ENABLE_DEBUG_INFO = NO;
				MTL_FAST_MATH = YES;
				SDKROOT = iphoneos;
				SWIFT_COMPILATION_MODE = wholemodule;
				SWIFT_OPTIMIZATION_LEVEL = "-O";
				VALIDATE_PRODUCT = YES;
			};
			name = Release;
		};
		AFE9E5D32448E7B200EA1963 /* Debug */ = {
			isa = XCBuildConfiguration;
			buildSettings = {
				ASSETCATALOG_COMPILER_APPICON_NAME = AppIcon;
				CODE_SIGN_STYLE = Automatic;
				DEVELOPMENT_TEAM = 68UHPU5CXP;
				INFOPLIST_FILE = "Weather Caster/Info.plist";
				LD_RUNPATH_SEARCH_PATHS = (
					"$(inherited)",
					"@executable_path/Frameworks",
				);
				PRODUCT_BUNDLE_IDENTIFIER = "Prestige-Worldwide.Weather-Caster";
				PRODUCT_NAME = "$(TARGET_NAME)";
				SWIFT_VERSION = 5.0;
				TARGETED_DEVICE_FAMILY = "1,2";
			};
			name = Debug;
		};
		AFE9E5D42448E7B200EA1963 /* Release */ = {
			isa = XCBuildConfiguration;
			buildSettings = {
				ASSETCATALOG_COMPILER_APPICON_NAME = AppIcon;
				CODE_SIGN_STYLE = Automatic;
				DEVELOPMENT_TEAM = 68UHPU5CXP;
				INFOPLIST_FILE = "Weather Caster/Info.plist";
				LD_RUNPATH_SEARCH_PATHS = (
					"$(inherited)",
					"@executable_path/Frameworks",
				);
				PRODUCT_BUNDLE_IDENTIFIER = "Prestige-Worldwide.Weather-Caster";
				PRODUCT_NAME = "$(TARGET_NAME)";
				SWIFT_VERSION = 5.0;
				TARGETED_DEVICE_FAMILY = "1,2";
			};
			name = Release;
		};
/* End XCBuildConfiguration section */

/* Begin XCConfigurationList section */
		AFE9E5B92448E7AF00EA1963 /* Build configuration list for PBXProject "Weather Caster" */ = {
			isa = XCConfigurationList;
			buildConfigurations = (
				AFE9E5D02448E7B200EA1963 /* Debug */,
				AFE9E5D12448E7B200EA1963 /* Release */,
			);
			defaultConfigurationIsVisible = 0;
			defaultConfigurationName = Release;
		};
		AFE9E5D22448E7B200EA1963 /* Build configuration list for PBXNativeTarget "Weather Caster" */ = {
			isa = XCConfigurationList;
			buildConfigurations = (
				AFE9E5D32448E7B200EA1963 /* Debug */,
				AFE9E5D42448E7B200EA1963 /* Release */,
			);
			defaultConfigurationIsVisible = 0;
			defaultConfigurationName = Release;
		};
/* End XCConfigurationList section */
	};
	rootObject = AFE9E5B62448E7AF00EA1963 /* Project object */;
}
